
Microsoft Visual Studio Solution File, Format Version 12.00
# Visual Studio Version 16
VisualStudioVersion = 16.0.29215.179
MinimumVisualStudioVersion = 10.0.40219.1
Project("{FAE04EC0-301F-11D3-BF4B-00C04F79EFBC}") = "ICBackend", "ICBackend\ICBackend.csproj", "{89D0C6A8-DB5A-4114-B8B9-87940C709709}"
EndProject
Global
	GlobalSection(SolutionConfigurationPlatforms) = preSolution
		Debug|Any CPU = Debug|Any CPU
		Release|Any CPU = Release|Any CPU
	EndGlobalSection
	GlobalSection(ProjectConfigurationPlatforms) = postSolution
		{89D0C6A8-DB5A-4114-B8B9-87940C709709}.Debug|Any CPU.ActiveCfg = Debug|Any CPU
		{89D0C6A8-DB5A-4114-B8B9-87940C709709}.Debug|Any CPU.Build.0 = Debug|Any CPU
		{89D0C6A8-DB5A-4114-B8B9-87940C709709}.Release|Any CPU.ActiveCfg = Release|Any CPU
		{89D0C6A8-DB5A-4114-B8B9-87940C709709}.Release|Any CPU.Build.0 = Release|Any CPU
	EndGlobalSection
	GlobalSection(SolutionProperties) = preSolution
		HideSolutionNode = FALSE
	EndGlobalSection
	GlobalSection(ExtensibilityGlobals) = postSolution
		SolutionGuid = {F15463C0-6E97-4BD3-8881-7F59A537EA8C}
	EndGlobalSection
EndGlobal
